
Microsoft Visual Studio Solution File, Format Version 12.00
# Visual Studio Version 17
VisualStudioVersion = 17.2.32616.157
MinimumVisualStudioVersion = 10.0.40219.1
Project("{9A19103F-16F7-4668-BE54-9A1E7A4F7556}") = "Homework 7", "Homework 7\Homework 7.csproj", "{5A89FCFF-8336-43D3-AAB1-B43CA63707A6}"
EndProject
Project("{FAE04EC0-301F-11D3-BF4B-00C04F79EFBC}") = "Additional task", "Additional task\Additional task.csproj", "{B063C991-2F0B-482F-83B0-9C0EE9725EED}"
EndProject
Global
	GlobalSection(SolutionConfigurationPlatforms) = preSolution
		Debug|Any CPU = Debug|Any CPU
		Release|Any CPU = Release|Any CPU
	EndGlobalSection
	GlobalSection(ProjectConfigurationPlatforms) = postSolution
		{5A89FCFF-8336-43D3-AAB1-B43CA63707A6}.Debug|Any CPU.ActiveCfg = Debug|Any CPU
		{5A89FCFF-8336-43D3-AAB1-B43CA63707A6}.Debug|Any CPU.Build.0 = Debug|Any CPU
		{5A89FCFF-8336-43D3-AAB1-B43CA63707A6}.Release|Any CPU.ActiveCfg = Release|Any CPU
		{5A89FCFF-8336-43D3-AAB1-B43CA63707A6}.Release|Any CPU.Build.0 = Release|Any CPU
		{B063C991-2F0B-482F-83B0-9C0EE9725EED}.Debug|Any CPU.ActiveCfg = Debug|Any CPU
		{B063C991-2F0B-482F-83B0-9C0EE9725EED}.Debug|Any CPU.Build.0 = Debug|Any CPU
		{B063C991-2F0B-482F-83B0-9C0EE9725EED}.Release|Any CPU.ActiveCfg = Release|Any CPU
		{B063C991-2F0B-482F-83B0-9C0EE9725EED}.Release|Any CPU.Build.0 = Release|Any CPU
	EndGlobalSection
	GlobalSection(SolutionProperties) = preSolution
		HideSolutionNode = FALSE
	EndGlobalSection
	GlobalSection(ExtensibilityGlobals) = postSolution
		SolutionGuid = {B01975C1-07C9-4A37-A458-2F1D68B94245}
	EndGlobalSection
EndGlobal
