
Microsoft Visual Studio Solution File, Format Version 12.00
# Visual Studio Version 17
VisualStudioVersion = 17.2.32616.157
MinimumVisualStudioVersion = 10.0.40219.1
Project("{FAE04EC0-301F-11D3-BF4B-00C04F79EFBC}") = "Homework 3.1", "Homework 3.1\Homework 3.1.csproj", "{FAC5F2B0-D2D5-4B5D-8F03-0DFC19D3731C}"
EndProject
Global
	GlobalSection(SolutionConfigurationPlatforms) = preSolution
		Debug|Any CPU = Debug|Any CPU
		Release|Any CPU = Release|Any CPU
	EndGlobalSection
	GlobalSection(ProjectConfigurationPlatforms) = postSolution
		{FAC5F2B0-D2D5-4B5D-8F03-0DFC19D3731C}.Debug|Any CPU.ActiveCfg = Debug|Any CPU
		{FAC5F2B0-D2D5-4B5D-8F03-0DFC19D3731C}.Debug|Any CPU.Build.0 = Debug|Any CPU
		{FAC5F2B0-D2D5-4B5D-8F03-0DFC19D3731C}.Release|Any CPU.ActiveCfg = Release|Any CPU
		{FAC5F2B0-D2D5-4B5D-8F03-0DFC19D3731C}.Release|Any CPU.Build.0 = Release|Any CPU
	EndGlobalSection
	GlobalSection(SolutionProperties) = preSolution
		HideSolutionNode = FALSE
	EndGlobalSection
	GlobalSection(ExtensibilityGlobals) = postSolution
		SolutionGuid = {C3468ECC-C411-4564-B6DD-558BB88C79B8}
	EndGlobalSection
EndGlobal
