
Microsoft Visual Studio Solution File, Format Version 12.00
# Visual Studio Version 17
VisualStudioVersion = 17.2.32616.157
MinimumVisualStudioVersion = 10.0.40219.1
Project("{FAE04EC0-301F-11D3-BF4B-00C04F79EFBC}") = "Homework 2", "Homework 2\Homework 2.csproj", "{93F633BF-75D4-4A83-B57C-CCE3B223C4FD}"
EndProject
Global
	GlobalSection(SolutionConfigurationPlatforms) = preSolution
		Debug|Any CPU = Debug|Any CPU
		Release|Any CPU = Release|Any CPU
	EndGlobalSection
	GlobalSection(ProjectConfigurationPlatforms) = postSolution
		{93F633BF-75D4-4A83-B57C-CCE3B223C4FD}.Debug|Any CPU.ActiveCfg = Debug|Any CPU
		{93F633BF-75D4-4A83-B57C-CCE3B223C4FD}.Debug|Any CPU.Build.0 = Debug|Any CPU
		{93F633BF-75D4-4A83-B57C-CCE3B223C4FD}.Release|Any CPU.ActiveCfg = Release|Any CPU
		{93F633BF-75D4-4A83-B57C-CCE3B223C4FD}.Release|Any CPU.Build.0 = Release|Any CPU
	EndGlobalSection
	GlobalSection(SolutionProperties) = preSolution
		HideSolutionNode = FALSE
	EndGlobalSection
	GlobalSection(ExtensibilityGlobals) = postSolution
		SolutionGuid = {66D34940-BB5A-4AAB-974C-C3692A6D3DD5}
	EndGlobalSection
EndGlobal
